
Microsoft Visual Studio Solution File, Format Version 12.00
# Visual Studio Version 17
VisualStudioVersion = 17.11.35017.193
MinimumVisualStudioVersion = 10.0.40219.1
Project("{FAE04EC0-301F-11D3-BF4B-00C04F79EFBC}") = "MauiHandlers", "MauiHandlers.csproj", "{8DBB57DC-23E1-4C04-82F6-8248967215B6}"
EndProject
Global
	GlobalSection(SolutionConfigurationPlatforms) = preSolution
		Debug|Any CPU = Debug|Any CPU
		Release|Any CPU = Release|Any CPU
	EndGlobalSection
	GlobalSection(ProjectConfigurationPlatforms) = postSolution
		{8DBB57DC-23E1-4C04-82F6-8248967215B6}.Debug|Any CPU.ActiveCfg = Debug|Any CPU
		{8DBB57DC-23E1-4C04-82F6-8248967215B6}.Debug|Any CPU.Build.0 = Debug|Any CPU
		{8DBB57DC-23E1-4C04-82F6-8248967215B6}.Debug|Any CPU.Deploy.0 = Debug|Any CPU
		{8DBB57DC-23E1-4C04-82F6-8248967215B6}.Release|Any CPU.ActiveCfg = Release|Any CPU
		{8DBB57DC-23E1-4C04-82F6-8248967215B6}.Release|Any CPU.Build.0 = Release|Any CPU
		{8DBB57DC-23E1-4C04-82F6-8248967215B6}.Release|Any CPU.Deploy.0 = Release|Any CPU
	EndGlobalSection
	GlobalSection(SolutionProperties) = preSolution
		HideSolutionNode = FALSE
	EndGlobalSection
	GlobalSection(ExtensibilityGlobals) = postSolution
		SolutionGuid = {FEF83695-62A4-4C12-9147-AAE494F03275}
	EndGlobalSection
EndGlobal
